
Microsoft Visual Studio Solution File, Format Version 12.00
# Visual Studio 15
VisualStudioVersion = 15.0.27130.2010
MinimumVisualStudioVersion = 10.0.40219.1
Project("{FAE04EC0-301F-11D3-BF4B-00C04F79EFBC}") = "BattleShip", "BattleShip\BattleShip.csproj", "{E6CF6686-0E9A-4868-B647-42D3154325D6}"
EndProject
Global
	GlobalSection(SolutionConfigurationPlatforms) = preSolution
		Debug|Any CPU = Debug|Any CPU
		Release|Any CPU = Release|Any CPU
	EndGlobalSection
	GlobalSection(ProjectConfigurationPlatforms) = postSolution
		{E6CF6686-0E9A-4868-B647-42D3154325D6}.Debug|Any CPU.ActiveCfg = Debug|Any CPU
		{E6CF6686-0E9A-4868-B647-42D3154325D6}.Debug|Any CPU.Build.0 = Debug|Any CPU
		{E6CF6686-0E9A-4868-B647-42D3154325D6}.Release|Any CPU.ActiveCfg = Release|Any CPU
		{E6CF6686-0E9A-4868-B647-42D3154325D6}.Release|Any CPU.Build.0 = Release|Any CPU
	EndGlobalSection
	GlobalSection(SolutionProperties) = preSolution
		HideSolutionNode = FALSE
	EndGlobalSection
	GlobalSection(ExtensibilityGlobals) = postSolution
		SolutionGuid = {FF744BE1-1427-4E2E-B430-806E60266B42}
	EndGlobalSection
EndGlobal
